{
    "_readme": [
        "This file locks the dependencies of your project to a known state",
        "Read more about it at https://getcomposer.org/doc/01-basic-usage.md#installing-dependencies",
        "This file is @generated automatically"
    ],
    "content-hash": "72a93fb467e1488982a8b23718dbae50",
    "packages": [
        {
            "name": "traineratwot/cache",
            "version": "1.0.2",
            "source": {
                "type": "git",
                "url": "https://github.com/Traineratwot/cache.git",
                "reference": "cefef9c4cdf2b36082f98b2adb66d797069cff0c"
            },
            "dist": {
                "type": "zip",
                "url": "https://api.github.com/repos/Traineratwot/cache/zipball/cefef9c4cdf2b36082f98b2adb66d797069cff0c",
                "reference": "cefef9c4cdf2b36082f98b2adb66d797069cff0c",
                "shasum": ""
            },
            "require": {
                "php": ">=5.6"
            },
            "require-dev": {
                "jetbrains/phpstorm-attributes": "dev-master",
                "roave/security-advisories": "dev-latest"
            },
            "type": "library",
            "autoload": {
                "psr-4": {
                    "Traineratwot\\Cache\\": "src/"
                }
            },
            "notification-url": "https://packagist.org/downloads/",
            "license": [
                "MIT"
            ],
            "authors": [
                {
                    "name": "Kirill",
                    "email": "Traineratwot@yandex.ru"
                }
            ],
            "description": "simple cache system",
            "homepage": "https://github.com/traineratwot/cache",
            "keywords": [
                "PSR-4",
                "Simple",
                "cache"
            ],
            "support": {
                "issues": "https://github.com/Traineratwot/cache/issues",
                "source": "https://github.com/Traineratwot/cache/tree/1.0.2"
            },
            "time": "2022-04-29T19:07:23+00:00"
        },
        {
            "name": "traineratwot/composer-config",
            "version": "1.0.12",
            "dist": {
                "type": "path",
                "url": "../../../composer-config",
                "reference": "a2648afa2a1029e3948ea7be547d3c90b51989ef"
            },
            "require": {
                "composer-plugin-api": "^2.0",
                "php": ">=7.4"
            },
            "require-dev": {
                "composer/composer": "^2.3",
                "jetbrains/phpstorm-attributes": "dev-master",
                "phpunit/phpunit": "^9.5",
                "roave/security-advisories": "dev-latest"
            },
            "type": "composer-plugin",
            "extra": {
                "class": "Traineratwot\\cc\\Plugin",
                "plugin-modifies-install-path": true
            },
            "autoload": {
                "psr-4": {
                    "Traineratwot\\cc\\": "src/"
                }
            },
            "scripts": {
                "up:release": [
                    "gh release create \"1.0.12\" --generate-notes"
                ]
            },
            "license": [
                "MIT"
            ],
            "authors": [
                {
                    "name": "Kirill",
                    "email": "Traineratwot@yandex.ru"
                }
            ],
            "description": "description",
            "keywords": [
                "composer-plugin",
                "config",
                "psr-4"
            ],
            "transport-options": {
                "relative": true
            }
        },
        {
            "name": "traineratwot/library",
            "version": "1.0.0",
            "dist": {
                "type": "path",
                "url": "../library",
                "reference": "4926a3f63ce98f148ac287f6cf94f53684f65e4c"
            },
            "require": {
                "traineratwot/cache": "^1.0",
                "traineratwot/composer-config": "^1.0"
            },
            "type": "library",
            "extra": {
                "composer-config": {
                    "namespace": "Lb1",
                    "required": {
                        "test": "test description"
                    }
                }
            },
            "autoload": {
                "psr-4": {
                    "Nefediev\\Library\\": "src/"
                }
            },
            "authors": [
                {
                    "name": "Kirill",
                    "email": "41589091+Traineratwot@users.noreply.github.com"
                }
            ],
            "transport-options": {
                "relative": true
            }
        }
    ],
    "packages-dev": [],
    "aliases": [],
    "minimum-stability": "stable",
    "stability-flags": [],
    "prefer-stable": false,
    "prefer-lowest": false,
    "platform": [],
    "platform-dev": [],
    "plugin-api-version": "2.3.0"
}
